
Microsoft Visual Studio Solution File, Format Version 12.00
# Visual Studio Version 17
VisualStudioVersion = 17.7.34024.191
MinimumVisualStudioVersion = 10.0.40219.1
Project("{9A19103F-16F7-4668-BE54-9A1E7A4F7556}") = "WebApplication3", "WebApplication3\WebApplication3.csproj", "{9220B582-34F4-4C5A-AA4D-B83A8699EC3C}"
EndProject
Project("{FAE04EC0-301F-11D3-BF4B-00C04F79EFBC}") = "DbLayer", "DbLayer\DbLayer.csproj", "{2FA91E05-73D1-444A-BB16-F623670EF286}"
EndProject
Global
	GlobalSection(SolutionConfigurationPlatforms) = preSolution
		Debug|Any CPU = Debug|Any CPU
		Release|Any CPU = Release|Any CPU
	EndGlobalSection
	GlobalSection(ProjectConfigurationPlatforms) = postSolution
		{9220B582-34F4-4C5A-AA4D-B83A8699EC3C}.Debug|Any CPU.ActiveCfg = Debug|Any CPU
		{9220B582-34F4-4C5A-AA4D-B83A8699EC3C}.Debug|Any CPU.Build.0 = Debug|Any CPU
		{9220B582-34F4-4C5A-AA4D-B83A8699EC3C}.Release|Any CPU.ActiveCfg = Release|Any CPU
		{9220B582-34F4-4C5A-AA4D-B83A8699EC3C}.Release|Any CPU.Build.0 = Release|Any CPU
		{2FA91E05-73D1-444A-BB16-F623670EF286}.Debug|Any CPU.ActiveCfg = Debug|Any CPU
		{2FA91E05-73D1-444A-BB16-F623670EF286}.Debug|Any CPU.Build.0 = Debug|Any CPU
		{2FA91E05-73D1-444A-BB16-F623670EF286}.Release|Any CPU.ActiveCfg = Release|Any CPU
		{2FA91E05-73D1-444A-BB16-F623670EF286}.Release|Any CPU.Build.0 = Release|Any CPU
	EndGlobalSection
	GlobalSection(SolutionProperties) = preSolution
		HideSolutionNode = FALSE
	EndGlobalSection
	GlobalSection(ExtensibilityGlobals) = postSolution
		SolutionGuid = {4EE7F6B9-3D9B-46DD-9013-9448C9930416}
	EndGlobalSection
EndGlobal
